{
  "name": "usajs",
  "version": "1.0.0",
  "lockfileVersion": 3,
  "requires": true,
  "packages": {
    "": {
      "name": "usajs",
      "version": "1.0.0",
      "license": "ISC",
      "dependencies": {
        "@freenewman/ajs": "^1.0.0"
      }
    },
    "node_modules/@freenewman/ajs": {
      "version": "1.0.0",
      "resolved": "https://npm.pkg.github.com/download/@freenewman/ajs/1.0.0/972532d042000ae97b1f952794f56e8628b30550",
      "integrity": "sha512-MtggKI29t3zWcwFID2ZxhGgQXa1339F539MbYu3Zhr2ZKj+ojTOLK4LYHoTzKGrUPxOiD9QBmo9KTkZoOyjKZA==",
      "license": "ISC"
    }
  }
}
